
Microsoft Visual Studio Solution File, Format Version 12.00
# Visual Studio 15
VisualStudioVersion = 15.0.27130.2026
MinimumVisualStudioVersion = 10.0.40219.1
Project("{FAE04EC0-301F-11D3-BF4B-00C04F79EFBC}") = "Project", "Project\Project.csproj", "{D11E37D5-4EE4-4F91-B1FC-42BD5E752082}"
EndProject
Global
	GlobalSection(SolutionConfigurationPlatforms) = preSolution
		Debug|Any CPU = Debug|Any CPU
		Release|Any CPU = Release|Any CPU
	EndGlobalSection
	GlobalSection(ProjectConfigurationPlatforms) = postSolution
		{D11E37D5-4EE4-4F91-B1FC-42BD5E752082}.Debug|Any CPU.ActiveCfg = Debug|Any CPU
		{D11E37D5-4EE4-4F91-B1FC-42BD5E752082}.Debug|Any CPU.Build.0 = Debug|Any CPU
		{D11E37D5-4EE4-4F91-B1FC-42BD5E752082}.Release|Any CPU.ActiveCfg = Release|Any CPU
		{D11E37D5-4EE4-4F91-B1FC-42BD5E752082}.Release|Any CPU.Build.0 = Release|Any CPU
	EndGlobalSection
	GlobalSection(SolutionProperties) = preSolution
		HideSolutionNode = FALSE
	EndGlobalSection
	GlobalSection(ExtensibilityGlobals) = postSolution
		SolutionGuid = {40582EFB-2C0A-4947-8AF7-2B9AD538B0A2}
	EndGlobalSection
EndGlobal
